
Microsoft Visual Studio Solution File, Format Version 12.00
# Visual Studio 15
VisualStudioVersion = 15.0.28307.168
MinimumVisualStudioVersion = 10.0.40219.1
Project("{FAE04EC0-301F-11D3-BF4B-00C04F79EFBC}") = "PROG1442_Exercise4", "PROG1442_Exercise4\PROG1442_Exercise4.csproj", "{74E35EDB-4D07-4F4F-B4D7-4629E1D16959}"
EndProject
Global
	GlobalSection(SolutionConfigurationPlatforms) = preSolution
		Debug|Any CPU = Debug|Any CPU
		Release|Any CPU = Release|Any CPU
	EndGlobalSection
	GlobalSection(ProjectConfigurationPlatforms) = postSolution
		{74E35EDB-4D07-4F4F-B4D7-4629E1D16959}.Debug|Any CPU.ActiveCfg = Debug|Any CPU
		{74E35EDB-4D07-4F4F-B4D7-4629E1D16959}.Debug|Any CPU.Build.0 = Debug|Any CPU
		{74E35EDB-4D07-4F4F-B4D7-4629E1D16959}.Release|Any CPU.ActiveCfg = Release|Any CPU
		{74E35EDB-4D07-4F4F-B4D7-4629E1D16959}.Release|Any CPU.Build.0 = Release|Any CPU
	EndGlobalSection
	GlobalSection(SolutionProperties) = preSolution
		HideSolutionNode = FALSE
	EndGlobalSection
	GlobalSection(ExtensibilityGlobals) = postSolution
		SolutionGuid = {4A92502F-0C47-4563-99E7-D64F29B366D7}
	EndGlobalSection
EndGlobal
